{
  "version": 1,
  "dependencies": {
    "net10.0": {
      "Microsoft.AspNetCore.App.Internal.Assets": {
        "type": "Direct",
        "requested": "[10.0.12, )",
        "resolved": "10.0.12",
        "contentHash": "+sIBo9AMBZH46qHWHQdfzcGMt+RuBaPYrUMOAM9VjA7MQ9QtIez3lq1C3E05+Yroa94KKt3DSWaxmCI4H28a9Q=="
      },
      "DnsClient": {
        "type": "Transitive",
        "resolved": "1.6.1",
        "contentHash": "4H/f2uYJOZ+YObZjpY9ABrKZI+JNw3uizp6oMzTXwDw6F+2qIPhpRl/1t68O/6e98+vqNiYGu+lswmwdYUy3gg=="
      },
      "IdentityModel": {
        "type": "Transitive",
        "resolved": "7.0.0",
        "contentHash": "to99aLL5Gev1GOb2gUao/UZXT/uXMyjEmHPNrf/vJI2HBD1LMCTeC4SBCe/cqMIB12V9v+eSieq7ff0lju9pOQ=="
      },
      "Microsoft.AspNetCore.Authentication.OpenIdConnect": {
        "type": "Transitive",
        "resolved": "10.0.12",
        "contentHash": "UfkKr9EP+LBgnFfxwkfnZzta7XkalCroZWoxg2yW9dt8iPXO7bJYpcmyFIeM+FLcAlOKZeduP93XhuCcfWaYIQ==",
        "dependencies": {
          "Microsoft.IdentityModel.Protocols.OpenIdConnect": "8.19.2"
        }
      },
      "Microsoft.Bcl.Cryptography": {
        "type": "Transitive",
        "resolved": "10.0.2",
        "contentHash": "LG9Yll3B5aNpxv0+D47g6LiOiKBIlodhcHdQwcYzo8VeexFLGqx5ymetmA2aBRyo9cCcWsQWrFsdbsr8LvmWDw=="
      },
      "Microsoft.IdentityModel.Abstractions": {
        "type": "Transitive",
        "resolved": "8.19.2",
        "contentHash": "HJbo/lnSfNHUfphPRT910poQc4T2/9+8svFLvzuaYHGAOJ2Tu+oEDqpX0BVP3BJ4OuUM1kylEKyaiX2fCAK3Cw=="
      },
      "Microsoft.IdentityModel.JsonWebTokens": {
        "type": "Transitive",
        "resolved": "8.19.2",
        "contentHash": "ui3fuBT4fs8kdKfBthI4NzLYIBIneEVS8UrL1JVBzAn80UiKmngBBi0BEByE7n/9c+EElcfFlCMFFTqpkBSLNA==",
        "dependencies": {
          "Microsoft.IdentityModel.Tokens": "8.19.2"
        }
      },
      "Microsoft.IdentityModel.Logging": {
        "type": "Transitive",
        "resolved": "8.19.2",
        "contentHash": "r5YLDIxGOnkVJHrqXv/iD1FM1CgGrQOdriXuvuWvTPmKbnGANhEysq9XKmN6IHjf2a+9bAGEpnoRBsAQlvJU5w==",
        "dependencies": {
          "Microsoft.IdentityModel.Abstractions": "8.19.2"
        }
      },
      "Microsoft.IdentityModel.Protocols": {
        "type": "Transitive",
        "resolved": "8.19.2",
        "contentHash": "sGxSsSrZXNmca6D+jHH2rVRyo2nNRd/g4H9CFbPmLLq0xgoH1U0orLWE5minfijw7+zq49tBs7txenbfAErRoQ==",
        "dependencies": {
          "Microsoft.IdentityModel.Tokens": "8.19.2"
        }
      },
      "Microsoft.IdentityModel.Protocols.OpenIdConnect": {
        "type": "Transitive",
        "resolved": "8.19.2",
        "contentHash": "1XOcyY36cVymzE3qKdzKaUEZ4Pzt7ZpSa14JZoPPK1NLFUkQDs85TCqpV6XDo0YjFXj6nVK00AfOHppjghjhtw==",
        "dependencies": {
          "Microsoft.IdentityModel.Protocols": "8.19.2",
          "System.IdentityModel.Tokens.Jwt": "8.19.2"
        }
      },
      "Microsoft.IdentityModel.Tokens": {
        "type": "Transitive",
        "resolved": "8.19.2",
        "contentHash": "GtPC1S02uH1gOO4fQ+zRysIicKmEXaYFP8PIkdJYXqMyruYhopre4ozVHp0XiDSA0+GJvOZH9prxCPvgBMg4Ww==",
        "dependencies": {
          "Microsoft.Bcl.Cryptography": "10.0.2",
          "Microsoft.IdentityModel.Logging": "8.19.2"
        }
      },
      "MongoDB.Bson": {
        "type": "Transitive",
        "resolved": "3.11.2",
        "contentHash": "KU/swasyhcoi4NoxiY06/zRYCayH128s6Ye9Cm0yCXfyx5mAsnEv2wM+5Hg3iaBiw28we4t6n95Bk6EyrTQx5w=="
      },
      "MongoDB.Driver": {
        "type": "Transitive",
        "resolved": "3.11.2",
        "contentHash": "ih0sEiM9v6PtL5hReqLCupiWkxKk12E2wo0udybBnMpFhSSREjJ5FxUv3VyClfodhVODjF3Z3XrbXHPfL0NlVw==",
        "dependencies": {
          "DnsClient": "1.6.1",
          "MongoDB.Bson": "3.11.2",
          "SharpCompress": "0.48.1",
          "Snappier": "1.3.1",
          "ZstdSharp.Port": "0.7.3"
        }
      },
      "Npgsql": {
        "type": "Transitive",
        "resolved": "10.0.0",
        "contentHash": "xZAYhPOU2rUIFpV48xsqhCx9vXs6Y+0jX2LCoSEfDFYMw9jtAOUk3iQsCnDLrFIv9NT3JGMihn7nnuZsPKqJmA=="
      },
      "Pipelines.Sockets.Unofficial": {
        "type": "Transitive",
        "resolved": "2.2.8",
        "contentHash": "zG2FApP5zxSx6OcdJQLbZDk2AVlN2BNQD6MorwIfV6gVj0RRxWPEp2LXAxqDGZqeNV1Zp0BNPcNaey/GXmTdvQ=="
      },
      "SharpCompress": {
        "type": "Transitive",
        "resolved": "0.48.1",
        "contentHash": "SqGaVniGG943Gph/gHhUQUiZPyC7y0tXZyMf0/B2oGsMav9dqs7JJOuUA+xOkwKYaWM2TM7aZQjNK91f4bX71A=="
      },
      "Snappier": {
        "type": "Transitive",
        "resolved": "1.3.1",
        "contentHash": "DOdDQiO8YZ5rBtVLY+6CmR1yp9WYoJRgEEktPBrR0tEj9QO2djA/zv0O3DX0OZpEAfosbY8pytQ9tQUogwQsEA=="
      },
      "StackExchange.Redis": {
        "type": "Transitive",
        "resolved": "2.8.24",
        "contentHash": "GWllmsFAtLyhm4C47cOCipGxyEi1NQWTFUHXnJ8hiHOsK/bH3T5eLkWPVW+LRL6jDiB3g3izW3YEHgLuPoJSyA==",
        "dependencies": {
          "Pipelines.Sockets.Unofficial": "2.2.8"
        }
      },
      "System.IdentityModel.Tokens.Jwt": {
        "type": "Transitive",
        "resolved": "8.19.2",
        "contentHash": "gqhDC/icByKEutygpr+OFgAmjwTVowyzFjWB8K0q1ww8uFj5a1BQNL+QvijUl9uhq4p8OdDwcAIrjVC+eC9FVA==",
        "dependencies": {
          "Microsoft.IdentityModel.JsonWebTokens": "8.19.2",
          "Microsoft.IdentityModel.Tokens": "8.19.2"
        }
      },
      "YamlDotNet": {
        "type": "Transitive",
        "resolved": "16.3.0",
        "contentHash": "SgMOdxbz8X65z8hraIs6hOEdnkH6hESTAIUa7viEngHOYaH+6q5XJmwr1+yb9vJpNQ19hCQY69xbFsLtXpobQA=="
      },
      "ZstdSharp.Port": {
        "type": "Transitive",
        "resolved": "0.7.3",
        "contentHash": "U9Ix4l4cl58Kzz1rJzj5hoVTjmbx1qGMwzAcbv1j/d3NzrFaESIurQyg+ow4mivCgkE3S413y+U9k4WdnEIkRA=="
      },
      "aetheric.provisioning.application": {
        "type": "Project",
        "dependencies": {
          "Aetheric.Provisioning.Definitions": "[1.0.0, )"
        }
      },
      "aetheric.provisioning.components": {
        "type": "Project",
        "dependencies": {
          "Aetheric.Provisioning.Application": "[1.0.0, )",
          "Aetheric.Provisioning.Infrastructure": "[1.0.0, )",
          "Aetheric.Provisioning.Persistence": "[1.0.0, )",
          "Aetheric.Provisioning.Registry": "[1.0.0, )",
          "Aetheric.Provisioning.Simulation": "[1.0.0, )",
          "Microsoft.AspNetCore.Authentication.OpenIdConnect": "[10.0.12, )"
        }
      },
      "aetheric.provisioning.definitions": {
        "type": "Project",
        "dependencies": {
          "Aetheric.Provisioning.Engine": "[1.0.0, )",
          "YamlDotNet": "[16.3.0, )"
        }
      },
      "aetheric.provisioning.engine": {
        "type": "Project"
      },
      "aetheric.provisioning.infrastructure": {
        "type": "Project",
        "dependencies": {
          "Aetheric.Provisioning.Application": "[1.0.0, )",
          "MongoDB.Driver": "[3.11.2, )",
          "Npgsql": "[10.0.0, )",
          "StackExchange.Redis": "[2.8.24, )"
        }
      },
      "aetheric.provisioning.persistence": {
        "type": "Project",
        "dependencies": {
          "Aetheric.Provisioning.Application": "[1.0.0, )",
          "Aetheric.Provisioning.Engine": "[1.0.0, )"
        }
      },
      "aetheric.provisioning.registry": {
        "type": "Project",
        "dependencies": {
          "Aetheric.Provisioning.Application": "[1.0.0, )",
          "AethericForge.Runtime.Providers.Identity.Keycloak": "[1.0.0, )"
        }
      },
      "aetheric.provisioning.simulation": {
        "type": "Project",
        "dependencies": {
          "Aetheric.Provisioning.Definitions": "[1.0.0, )",
          "Aetheric.Provisioning.Engine": "[1.0.0, )"
        }
      },
      "aethericforge.runtime.abstractions.interfaces": {
        "type": "Project",
        "dependencies": {
          "AethericForge.Runtime.Institutions.Abstractions": "[1.0.0, )"
        }
      },
      "aethericforge.runtime.institutions.abstractions": {
        "type": "Project"
      },
      "aethericforge.runtime.models": {
        "type": "Project",
        "dependencies": {
          "AethericForge.Runtime.Abstractions.Interfaces": "[1.0.0, )"
        }
      },
      "aethericforge.runtime.providers.identity.keycloak": {
        "type": "Project",
        "dependencies": {
          "AethericForge.Runtime.Abstractions.Interfaces": "[1.0.0, )",
          "AethericForge.Runtime.Models": "[1.0.0, )",
          "IdentityModel": "[7.0.0, )",
          "System.IdentityModel.Tokens.Jwt": "[8.0.1, )"
        }
      }
    }
  }
}