<Solution>
  <Folder Name="/src/">
    <Project Path="src/Aetheric.Provisioning.Infrastructure/Aetheric.Provisioning.Infrastructure.csproj" />
    <Project Path="src/Aetheric.Provisioning.Registry/Aetheric.Provisioning.Registry.csproj" />
    <Project Path="src/Aetheric.Provisioning.Workbench/Aetheric.Provisioning.Workbench.csproj" />
    <Project Path="src/Aetheric.Provisioning.Workbench.Redis/Aetheric.Provisioning.Workbench.Redis.csproj" />
    <Project Path="src/Aetheric.Provisioning.Persistence/Aetheric.Provisioning.Persistence.csproj" />
    <Project Path="src/Aetheric.Provisioning.Application/Aetheric.Provisioning.Application.csproj" />
    <Project Path="src/Aetheric.Provisioning.Definitions/Aetheric.Provisioning.Definitions.csproj" />
    <Project Path="src/Aetheric.Provisioning.Engine/Aetheric.Provisioning.Engine.csproj" />
    <Project Path="src/Aetheric.Provisioning.Simulation/Aetheric.Provisioning.Simulation.csproj" />
  </Folder>
  <Folder Name="/apps/">
    <Project Path="apps/Aetheric.Provisioning.Worker/Aetheric.Provisioning.Worker.csproj" />
  </Folder>
  <Folder Name="/samples/">
    <Project Path="samples/Aetheric.Provisioning.Web/Aetheric.Provisioning.Web.csproj" />
    <Project Path="samples/Aetheric.Provisioning.Workbench.Harness/Aetheric.Provisioning.Workbench.Harness.csproj" />
    <Project Path="samples/Aetheric.Provisioning.Harness/Aetheric.Provisioning.Harness.csproj" />
  </Folder>
  <Folder Name="/tests/">
    <Project Path="tests/Aetheric.Provisioning.Tests/Aetheric.Provisioning.Tests.csproj" />
  </Folder>
  <Folder Name="/external/">
    <Project Path="external/runtime/src/Institutions/AethericForge.Runtime.Institutions.Abstractions/AethericForge.Runtime.Institutions.Abstractions.csproj" />
    <Project Path="external/runtime/src/Institutions/AethericForge.Runtime.Institutions.Campus/AethericForge.Runtime.Institutions.Campus.csproj" />
    <Project Path="external/runtime/src/Abstractions/Interfaces/AethericForge.Runtime.Abstractions.Interfaces/AethericForge.Runtime.Abstractions.Interfaces.csproj" />
    <Project Path="external/runtime/src/Models/AethericForge.Runtime.Models/AethericForge.Runtime.Models.csproj" />
    <Project Path="external/runtime/src/Providers/AethericForge.Runtime.Providers.Identity.Keycloak/AethericForge.Runtime.Providers.Identity.Keycloak.csproj" />
    <Project Path="external/runtime/src/Providers/AethericForge.Runtime.Providers.Post.RabbitMq/AethericForge.Runtime.Providers.Post.RabbitMq.csproj" />
  </Folder>
</Solution>
